
Microsoft Visual Studio Solution File, Format Version 12.00
# Visual Studio Version 17
VisualStudioVersion = 17.3.32825.248
MinimumVisualStudioVersion = 10.0.40219.1
Project("{FAE04EC0-301F-11D3-BF4B-00C04F79EFBC}") = "Platforms", "Platforms.csproj", "{38A9A3A6-9EAF-4BE7-AE39-6B07E93B672B}"
EndProject
Global
	GlobalSection(SolutionConfigurationPlatforms) = preSolution
		Debug|Any CPU = Debug|Any CPU
		Release|Any CPU = Release|Any CPU
	EndGlobalSection
	GlobalSection(ProjectConfigurationPlatforms) = postSolution
		{38A9A3A6-9EAF-4BE7-AE39-6B07E93B672B}.Debug|Any CPU.ActiveCfg = Debug|Any CPU
		{38A9A3A6-9EAF-4BE7-AE39-6B07E93B672B}.Debug|Any CPU.Build.0 = Debug|Any CPU
		{38A9A3A6-9EAF-4BE7-AE39-6B07E93B672B}.Release|Any CPU.ActiveCfg = Release|Any CPU
		{38A9A3A6-9EAF-4BE7-AE39-6B07E93B672B}.Release|Any CPU.Build.0 = Release|Any CPU
	EndGlobalSection
	GlobalSection(SolutionProperties) = preSolution
		HideSolutionNode = FALSE
	EndGlobalSection
	GlobalSection(ExtensibilityGlobals) = postSolution
		SolutionGuid = {0EAAB746-8636-4A28-9B64-178C6E719563}
	EndGlobalSection
EndGlobal
